// !$*UTF8*$!
{
	archiveVersion = 1;
	classes = {
	};
	objectVersion = 46;
	objects = {

/* Begin PBXBuildFile section */
		3D398DF01ECAB2D1002E7BC7 /* AppDelegate.swift in Sources */ = {isa = PBXBuildFile; fileRef = 3D398DEF1ECAB2D1002E7BC7 /* AppDelegate.swift */; };
		3D398DF51ECAB2D1002E7BC7 /* Main.storyboard in Resources */ = {isa = PBXBuildFile; fileRef = 3D398DF31ECAB2D1002E7BC7 /* Main.storyboard */; };
		3D398DF71ECAB2D1002E7BC7 /* Assets.xcassets in Resources */ = {isa = PBXBuildFile; fileRef = 3D398DF61ECAB2D1002E7BC7 /* Assets.xcassets */; };
		3D398DFA1ECAB2D1002E7BC7 /* LaunchScreen.storyboard in Resources */ = {isa = PBXBuildFile; fileRef = 3D398DF81ECAB2D1002E7BC7 /* LaunchScreen.storyboard */; };
		3D398E061ECAB5F2002E7BC7 /* LoginViewController.swift in Sources */ = {isa = PBXBuildFile; fileRef = 3D398E051ECAB5F2002E7BC7 /* LoginViewController.swift */; };
		3D398E081ECAB7E5002E7BC7 /* ListenToAPI.swift in Sources */ = {isa = PBXBuildFile; fileRef = 3D398E071ECAB7E5002E7BC7 /* ListenToAPI.swift */; };
		3D398E0A1ECACB44002E7BC7 /* MainViewController.swift in Sources */ = {isa = PBXBuildFile; fileRef = 3D398E091ECACB44002E7BC7 /* MainViewController.swift */; };
		3D398E0D1ECC1D7B002E7BC7 /* EventsTableViewCell.swift in Sources */ = {isa = PBXBuildFile; fileRef = 3D398E0B1ECC1D7B002E7BC7 /* EventsTableViewCell.swift */; };
		3D398E0E1ECC1D7B002E7BC7 /* EventsTableViewCell.xib in Resources */ = {isa = PBXBuildFile; fileRef = 3D398E0C1ECC1D7B002E7BC7 /* EventsTableViewCell.xib */; };
		3D398E111ECC1D92002E7BC7 /* MyEventsTableViewCell.swift in Sources */ = {isa = PBXBuildFile; fileRef = 3D398E0F1ECC1D92002E7BC7 /* MyEventsTableViewCell.swift */; };
		3D398E121ECC1D92002E7BC7 /* MyEventsTableViewCell.xib in Resources */ = {isa = PBXBuildFile; fileRef = 3D398E101ECC1D92002E7BC7 /* MyEventsTableViewCell.xib */; };
/* End PBXBuildFile section */

/* Begin PBXFileReference section */
		3D398DEC1ECAB2D1002E7BC7 /* Group2.app */ = {isa = PBXFileReference; explicitFileType = wrapper.application; includeInIndex = 0; path = Group2.app; sourceTree = BUILT_PRODUCTS_DIR; };
		3D398DEF1ECAB2D1002E7BC7 /* AppDelegate.swift */ = {isa = PBXFileReference; lastKnownFileType = sourcecode.swift; path = AppDelegate.swift; sourceTree = "<group>"; };
		3D398DF41ECAB2D1002E7BC7 /* Base */ = {isa = PBXFileReference; lastKnownFileType = file.storyboard; name = Base; path = Base.lproj/Main.storyboard; sourceTree = "<group>"; };
		3D398DF61ECAB2D1002E7BC7 /* Assets.xcassets */ = {isa = PBXFileReference; lastKnownFileType = folder.assetcatalog; path = Assets.xcassets; sourceTree = "<group>"; };
		3D398DF91ECAB2D1002E7BC7 /* Base */ = {isa = PBXFileReference; lastKnownFileType = file.storyboard; name = Base; path = Base.lproj/LaunchScreen.storyboard; sourceTree = "<group>"; };
		3D398DFB1ECAB2D1002E7BC7 /* Info.plist */ = {isa = PBXFileReference; lastKnownFileType = text.plist.xml; path = Info.plist; sourceTree = "<group>"; };
		3D398E051ECAB5F2002E7BC7 /* LoginViewController.swift */ = {isa = PBXFileReference; fileEncoding = 4; lastKnownFileType = sourcecode.swift; path = LoginViewController.swift; sourceTree = "<group>"; };
		3D398E071ECAB7E5002E7BC7 /* ListenToAPI.swift */ = {isa = PBXFileReference; fileEncoding = 4; lastKnownFileType = sourcecode.swift; path = ListenToAPI.swift; sourceTree = "<group>"; };
		3D398E091ECACB44002E7BC7 /* MainViewController.swift */ = {isa = PBXFileReference; fileEncoding = 4; lastKnownFileType = sourcecode.swift; path = MainViewController.swift; sourceTree = "<group>"; };
		3D398E0B1ECC1D7B002E7BC7 /* EventsTableViewCell.swift */ = {isa = PBXFileReference; fileEncoding = 4; lastKnownFileType = sourcecode.swift; path = EventsTableViewCell.swift; sourceTree = "<group>"; };
		3D398E0C1ECC1D7B002E7BC7 /* EventsTableViewCell.xib */ = {isa = PBXFileReference; fileEncoding = 4; lastKnownFileType = file.xib; path = EventsTableViewCell.xib; sourceTree = "<group>"; };
		3D398E0F1ECC1D92002E7BC7 /* MyEventsTableViewCell.swift */ = {isa = PBXFileReference; fileEncoding = 4; lastKnownFileType = sourcecode.swift; path = MyEventsTableViewCell.swift; sourceTree = "<group>"; };
		3D398E101ECC1D92002E7BC7 /* MyEventsTableViewCell.xib */ = {isa = PBXFileReference; fileEncoding = 4; lastKnownFileType = file.xib; path = MyEventsTableViewCell.xib; sourceTree = "<group>"; };
/* End PBXFileReference section */

/* Begin PBXFrameworksBuildPhase section */
		3D398DE91ECAB2D1002E7BC7 /* Frameworks */ = {
			isa = PBXFrameworksBuildPhase;
			buildActionMask = 2147483647;
			files = (
			);
			runOnlyForDeploymentPostprocessing = 0;
		};
/* End PBXFrameworksBuildPhase section */

/* Begin PBXGroup section */
		3D398DE31ECAB2D1002E7BC7 = {
			isa = PBXGroup;
			children = (
				3D398DEE1ECAB2D1002E7BC7 /* Group2 */,
				3D398DED1ECAB2D1002E7BC7 /* Products */,
			);
			sourceTree = "<group>";
		};
		3D398DED1ECAB2D1002E7BC7 /* Products */ = {
			isa = PBXGroup;
			children = (
				3D398DEC1ECAB2D1002E7BC7 /* Group2.app */,
			);
			name = Products;
			sourceTree = "<group>";
		};
		3D398DEE1ECAB2D1002E7BC7 /* Group2 */ = {
			isa = PBXGroup;
			children = (
				3D398E011ECAB595002E7BC7 /* Controllers */,
				3D398E031ECAB5B3002E7BC7 /* Views */,
				3D398E041ECAB5BB002E7BC7 /* Modals */,
				3D398E021ECAB5A9002E7BC7 /* Helpers */,
				3D398DEF1ECAB2D1002E7BC7 /* AppDelegate.swift */,
				3D398DF31ECAB2D1002E7BC7 /* Main.storyboard */,
				3D398DF61ECAB2D1002E7BC7 /* Assets.xcassets */,
				3D398DF81ECAB2D1002E7BC7 /* LaunchScreen.storyboard */,
				3D398DFB1ECAB2D1002E7BC7 /* Info.plist */,
			);
			path = Group2;
			sourceTree = "<group>";
		};
		3D398E011ECAB595002E7BC7 /* Controllers */ = {
			isa = PBXGroup;
			children = (
				3D398E051ECAB5F2002E7BC7 /* LoginViewController.swift */,
				3D398E091ECACB44002E7BC7 /* MainViewController.swift */,
			);
			name = Controllers;
			sourceTree = "<group>";
		};
		3D398E021ECAB5A9002E7BC7 /* Helpers */ = {
			isa = PBXGroup;
			children = (
				3D398E071ECAB7E5002E7BC7 /* ListenToAPI.swift */,
			);
			name = Helpers;
			sourceTree = "<group>";
		};
		3D398E031ECAB5B3002E7BC7 /* Views */ = {
			isa = PBXGroup;
			children = (
				3D398E0B1ECC1D7B002E7BC7 /* EventsTableViewCell.swift */,
				3D398E0C1ECC1D7B002E7BC7 /* EventsTableViewCell.xib */,
				3D398E0F1ECC1D92002E7BC7 /* MyEventsTableViewCell.swift */,
				3D398E101ECC1D92002E7BC7 /* MyEventsTableViewCell.xib */,
			);
			name = Views;
			sourceTree = "<group>";
		};
		3D398E041ECAB5BB002E7BC7 /* Modals */ = {
			isa = PBXGroup;
			children = (
			);
			name = Modals;
			sourceTree = "<group>";
		};
/* End PBXGroup section */

/* Begin PBXNativeTarget section */
		3D398DEB1ECAB2D1002E7BC7 /* Group2 */ = {
			isa = PBXNativeTarget;
			buildConfigurationList = 3D398DFE1ECAB2D1002E7BC7 /* Build configuration list for PBXNativeTarget "Group2" */;
			buildPhases = (
				3D398DE81ECAB2D1002E7BC7 /* Sources */,
				3D398DE91ECAB2D1002E7BC7 /* Frameworks */,
				3D398DEA1ECAB2D1002E7BC7 /* Resources */,
			);
			buildRules = (
			);
			dependencies = (
			);
			name = Group2;
			productName = Group2;
			productReference = 3D398DEC1ECAB2D1002E7BC7 /* Group2.app */;
			productType = "com.apple.product-type.application";
		};
/* End PBXNativeTarget section */

/* Begin PBXProject section */
		3D398DE41ECAB2D1002E7BC7 /* Project object */ = {
			isa = PBXProject;
			attributes = {
				LastSwiftUpdateCheck = 0830;
				LastUpgradeCheck = 0830;
				ORGANIZATIONNAME = "Obiet Panggrahito";
				TargetAttributes = {
					3D398DEB1ECAB2D1002E7BC7 = {
						CreatedOnToolsVersion = 8.3.2;
						DevelopmentTeam = ZQ547JDPVM;
						ProvisioningStyle = Automatic;
					};
				};
			};
			buildConfigurationList = 3D398DE71ECAB2D1002E7BC7 /* Build configuration list for PBXProject "Group2" */;
			compatibilityVersion = "Xcode 3.2";
			developmentRegion = English;
			hasScannedForEncodings = 0;
			knownRegions = (
				en,
				Base,
			);
			mainGroup = 3D398DE31ECAB2D1002E7BC7;
			productRefGroup = 3D398DED1ECAB2D1002E7BC7 /* Products */;
			projectDirPath = "";
			projectRoot = "";
			targets = (
				3D398DEB1ECAB2D1002E7BC7 /* Group2 */,
			);
		};
/* End PBXProject section */

/* Begin PBXResourcesBuildPhase section */
		3D398DEA1ECAB2D1002E7BC7 /* Resources */ = {
			isa = PBXResourcesBuildPhase;
			buildActionMask = 2147483647;
			files = (
				3D398E0E1ECC1D7B002E7BC7 /* EventsTableViewCell.xib in Resources */,
				3D398DFA1ECAB2D1002E7BC7 /* LaunchScreen.storyboard in Resources */,
				3D398DF71ECAB2D1002E7BC7 /* Assets.xcassets in Resources */,
				3D398E121ECC1D92002E7BC7 /* MyEventsTableViewCell.xib in Resources */,
				3D398DF51ECAB2D1002E7BC7 /* Main.storyboard in Resources */,
			);
			runOnlyForDeploymentPostprocessing = 0;
		};
/* End PBXResourcesBuildPhase section */

/* Begin PBXSourcesBuildPhase section */
		3D398DE81ECAB2D1002E7BC7 /* Sources */ = {
			isa = PBXSourcesBuildPhase;
			buildActionMask = 2147483647;
			files = (
				3D398E061ECAB5F2002E7BC7 /* LoginViewController.swift in Sources */,
				3D398E081ECAB7E5002E7BC7 /* ListenToAPI.swift in Sources */,
				3D398E111ECC1D92002E7BC7 /* MyEventsTableViewCell.swift in Sources */,
				3D398E0D1ECC1D7B002E7BC7 /* EventsTableViewCell.swift in Sources */,
				3D398DF01ECAB2D1002E7BC7 /* AppDelegate.swift in Sources */,
				3D398E0A1ECACB44002E7BC7 /* MainViewController.swift in Sources */,
			);
			runOnlyForDeploymentPostprocessing = 0;
		};
/* End PBXSourcesBuildPhase section */

/* Begin PBXVariantGroup section */
		3D398DF31ECAB2D1002E7BC7 /* Main.storyboard */ = {
			isa = PBXVariantGroup;
			children = (
				3D398DF41ECAB2D1002E7BC7 /* Base */,
			);
			name = Main.storyboard;
			sourceTree = "<group>";
		};
		3D398DF81ECAB2D1002E7BC7 /* LaunchScreen.storyboard */ = {
			isa = PBXVariantGroup;
			children = (
				3D398DF91ECAB2D1002E7BC7 /* Base */,
			);
			name = LaunchScreen.storyboard;
			sourceTree = "<group>";
		};
/* End PBXVariantGroup section */

/* Begin XCBuildConfiguration section */
		3D398DFC1ECAB2D1002E7BC7 /* Debug */ = {
			isa = XCBuildConfiguration;
			buildSettings = {
				ALWAYS_SEARCH_USER_PATHS = NO;
				CLANG_ANALYZER_NONNULL = YES;
				CLANG_ANALYZER_NUMBER_OBJECT_CONVERSION = YES_AGGRESSIVE;
				CLANG_CXX_LANGUAGE_STANDARD = "gnu++0x";
				CLANG_CXX_LIBRARY = "libc++";
				CLANG_ENABLE_MODULES = YES;
				CLANG_ENABLE_OBJC_ARC = YES;
				CLANG_WARN_BOOL_CONVERSION = YES;
				CLANG_WARN_CONSTANT_CONVERSION = YES;
				CLANG_WARN_DIRECT_OBJC_ISA_USAGE = YES_ERROR;
				CLANG_WARN_DOCUMENTATION_COMMENTS = YES;
				CLANG_WARN_EMPTY_BODY = YES;
				CLANG_WARN_ENUM_CONVERSION = YES;
				CLANG_WARN_INFINITE_RECURSION = YES;
				CLANG_WARN_INT_CONVERSION = YES;
				CLANG_WARN_OBJC_ROOT_CLASS = YES_ERROR;
				CLANG_WARN_SUSPICIOUS_MOVE = YES;
				CLANG_WARN_UNREACHABLE_CODE = YES;
				CLANG_WARN__DUPLICATE_METHOD_MATCH = YES;
				"CODE_SIGN_IDENTITY[sdk=iphoneos*]" = "iPhone Developer";
				COPY_PHASE_STRIP = NO;
				DEBUG_INFORMATION_FORMAT = dwarf;
				ENABLE_STRICT_OBJC_MSGSEND = YES;
				ENABLE_TESTABILITY = YES;
				GCC_C_LANGUAGE_STANDARD = gnu99;
				GCC_DYNAMIC_NO_PIC = NO;
				GCC_NO_COMMON_BLOCKS = YES;
				GCC_OPTIMIZATION_LEVEL = 0;
				GCC_PREPROCESSOR_DEFINITIONS = (
					"DEBUG=1",
					"$(inherited)",
				);
				GCC_WARN_64_TO_32_BIT_CONVERSION = YES;
				GCC_WARN_ABOUT_RETURN_TYPE = YES_ERROR;
				GCC_WARN_UNDECLARED_SELECTOR = YES;
				GCC_WARN_UNINITIALIZED_AUTOS = YES_AGGRESSIVE;
				GCC_WARN_UNUSED_FUNCTION = YES;
				GCC_WARN_UNUSED_VARIABLE = YES;
				IPHONEOS_DEPLOYMENT_TARGET = 10.3;
				MTL_ENABLE_DEBUG_INFO = YES;
				ONLY_ACTIVE_ARCH = YES;
				SDKROOT = iphoneos;
				SWIFT_ACTIVE_COMPILATION_CONDITIONS = DEBUG;
				SWIFT_OPTIMIZATION_LEVEL = "-Onone";
				TARGETED_DEVICE_FAMILY = "1,2";
			};
			name = Debug;
		};
		3D398DFD1ECAB2D1002E7BC7 /* Release */ = {
			isa = XCBuildConfiguration;
			buildSettings = {
				ALWAYS_SEARCH_USER_PATHS = NO;
				CLANG_ANALYZER_NONNULL = YES;
				CLANG_ANALYZER_NUMBER_OBJECT_CONVERSION = YES_AGGRESSIVE;
				CLANG_CXX_LANGUAGE_STANDARD = "gnu++0x";
				CLANG_CXX_LIBRARY = "libc++";
				CLANG_ENABLE_MODULES = YES;
				CLANG_ENABLE_OBJC_ARC = YES;
				CLANG_WARN_BOOL_CONVERSION = YES;
				CLANG_WARN_CONSTANT_CONVERSION = YES;
				CLANG_WARN_DIRECT_OBJC_ISA_USAGE = YES_ERROR;
				CLANG_WARN_DOCUMENTATION_COMMENTS = YES;
				CLANG_WARN_EMPTY_BODY = YES;
				CLANG_WARN_ENUM_CONVERSION = YES;
				CLANG_WARN_INFINITE_RECURSION = YES;
				CLANG_WARN_INT_CONVERSION = YES;
				CLANG_WARN_OBJC_ROOT_CLASS = YES_ERROR;
				CLANG_WARN_SUSPICIOUS_MOVE = YES;
				CLANG_WARN_UNREACHABLE_CODE = YES;
				CLANG_WARN__DUPLICATE_METHOD_MATCH = YES;
				"CODE_SIGN_IDENTITY[sdk=iphoneos*]" = "iPhone Developer";
				COPY_PHASE_STRIP = NO;
				DEBUG_INFORMATION_FORMAT = "dwarf-with-dsym";
				ENABLE_NS_ASSERTIONS = NO;
				ENABLE_STRICT_OBJC_MSGSEND = YES;
				GCC_C_LANGUAGE_STANDARD = gnu99;
				GCC_NO_COMMON_BLOCKS = YES;
				GCC_WARN_64_TO_32_BIT_CONVERSION = YES;
				GCC_WARN_ABOUT_RETURN_TYPE = YES_ERROR;
				GCC_WARN_UNDECLARED_SELECTOR = YES;
				GCC_WARN_UNINITIALIZED_AUTOS = YES_AGGRESSIVE;
				GCC_WARN_UNUSED_FUNCTION = YES;
				GCC_WARN_UNUSED_VARIABLE = YES;
				IPHONEOS_DEPLOYMENT_TARGET = 10.3;
				MTL_ENABLE_DEBUG_INFO = NO;
				SDKROOT = iphoneos;
				SWIFT_OPTIMIZATION_LEVEL = "-Owholemodule";
				TARGETED_DEVICE_FAMILY = "1,2";
				VALIDATE_PRODUCT = YES;
			};
			name = Release;
		};
		3D398DFF1ECAB2D1002E7BC7 /* Debug */ = {
			isa = XCBuildConfiguration;
			buildSettings = {
				ASSETCATALOG_COMPILER_APPICON_NAME = AppIcon;
				DEVELOPMENT_TEAM = ZQ547JDPVM;
				INFOPLIST_FILE = Group2/Info.plist;
				LD_RUNPATH_SEARCH_PATHS = "$(inherited) @executable_path/Frameworks";
				PRODUCT_BUNDLE_IDENTIFIER = com.Group2.Group2;
				PRODUCT_NAME = "$(TARGET_NAME)";
				SWIFT_VERSION = 3.0;
			};
			name = Debug;
		};
		3D398E001ECAB2D1002E7BC7 /* Release */ = {
			isa = XCBuildConfiguration;
			buildSettings = {
				ASSETCATALOG_COMPILER_APPICON_NAME = AppIcon;
				DEVELOPMENT_TEAM = ZQ547JDPVM;
				INFOPLIST_FILE = Group2/Info.plist;
				LD_RUNPATH_SEARCH_PATHS = "$(inherited) @executable_path/Frameworks";
				PRODUCT_BUNDLE_IDENTIFIER = com.Group2.Group2;
				PRODUCT_NAME = "$(TARGET_NAME)";
				SWIFT_VERSION = 3.0;
			};
			name = Release;
		};
/* End XCBuildConfiguration section */

/* Begin XCConfigurationList section */
		3D398DE71ECAB2D1002E7BC7 /* Build configuration list for PBXProject "Group2" */ = {
			isa = XCConfigurationList;
			buildConfigurations = (
				3D398DFC1ECAB2D1002E7BC7 /* Debug */,
				3D398DFD1ECAB2D1002E7BC7 /* Release */,
			);
			defaultConfigurationIsVisible = 0;
			defaultConfigurationName = Release;
		};
		3D398DFE1ECAB2D1002E7BC7 /* Build configuration list for PBXNativeTarget "Group2" */ = {
			isa = XCConfigurationList;
			buildConfigurations = (
				3D398DFF1ECAB2D1002E7BC7 /* Debug */,
				3D398E001ECAB2D1002E7BC7 /* Release */,
			);
			defaultConfigurationIsVisible = 0;
			defaultConfigurationName = Release;
		};
/* End XCConfigurationList section */
	};
	rootObject = 3D398DE41ECAB2D1002E7BC7 /* Project object */;
}
